
Microsoft Visual Studio Solution File, Format Version 12.00
# Visual Studio Version 17
VisualStudioVersion = 17.11.35312.102
MinimumVisualStudioVersion = 10.0.40219.1
Project("{FAE04EC0-301F-11D3-BF4B-00C04F79EFBC}") = "Task1", "Task1\Task1.csproj", "{DD890207-9F2C-4744-ACA2-83EF98348F30}"
EndProject
Project("{FAE04EC0-301F-11D3-BF4B-00C04F79EFBC}") = "Task2", "Task2\Task2.csproj", "{E849DB8E-2907-4C53-AD30-3B2A00BFF16D}"
EndProject
Project("{FAE04EC0-301F-11D3-BF4B-00C04F79EFBC}") = "Task3", "Task3\Task3.csproj", "{DC0E3460-85DD-40F1-8AD0-8ECE4FEFDBE6}"
EndProject
Project("{FAE04EC0-301F-11D3-BF4B-00C04F79EFBC}") = "Task4", "Task4\Task4.csproj", "{56A02E69-2555-4BDE-97F7-1D02FAAE2CBB}"
EndProject
Project("{FAE04EC0-301F-11D3-BF4B-00C04F79EFBC}") = "Task5", "Task5\Task5.csproj", "{FA19E68C-3DB0-4593-B1D8-7448F6CFE416}"
EndProject
Project("{9A19103F-16F7-4668-BE54-9A1E7A4F7556}") = "Practical1Test", "Practical1Test\Practical1Test.csproj", "{9C75ADE4-BF2C-4840-AF7C-3D91AF1F0DD6}"
EndProject
Global
	GlobalSection(SolutionConfigurationPlatforms) = preSolution
		Debug|Any CPU = Debug|Any CPU
		Release|Any CPU = Release|Any CPU
	EndGlobalSection
	GlobalSection(ProjectConfigurationPlatforms) = postSolution
		{DD890207-9F2C-4744-ACA2-83EF98348F30}.Debug|Any CPU.ActiveCfg = Debug|Any CPU
		{DD890207-9F2C-4744-ACA2-83EF98348F30}.Debug|Any CPU.Build.0 = Debug|Any CPU
		{DD890207-9F2C-4744-ACA2-83EF98348F30}.Release|Any CPU.ActiveCfg = Release|Any CPU
		{DD890207-9F2C-4744-ACA2-83EF98348F30}.Release|Any CPU.Build.0 = Release|Any CPU
		{E849DB8E-2907-4C53-AD30-3B2A00BFF16D}.Debug|Any CPU.ActiveCfg = Debug|Any CPU
		{E849DB8E-2907-4C53-AD30-3B2A00BFF16D}.Debug|Any CPU.Build.0 = Debug|Any CPU
		{E849DB8E-2907-4C53-AD30-3B2A00BFF16D}.Release|Any CPU.ActiveCfg = Release|Any CPU
		{E849DB8E-2907-4C53-AD30-3B2A00BFF16D}.Release|Any CPU.Build.0 = Release|Any CPU
		{DC0E3460-85DD-40F1-8AD0-8ECE4FEFDBE6}.Debug|Any CPU.ActiveCfg = Debug|Any CPU
		{DC0E3460-85DD-40F1-8AD0-8ECE4FEFDBE6}.Debug|Any CPU.Build.0 = Debug|Any CPU
		{DC0E3460-85DD-40F1-8AD0-8ECE4FEFDBE6}.Release|Any CPU.ActiveCfg = Release|Any CPU
		{DC0E3460-85DD-40F1-8AD0-8ECE4FEFDBE6}.Release|Any CPU.Build.0 = Release|Any CPU
		{56A02E69-2555-4BDE-97F7-1D02FAAE2CBB}.Debug|Any CPU.ActiveCfg = Debug|Any CPU
		{56A02E69-2555-4BDE-97F7-1D02FAAE2CBB}.Debug|Any CPU.Build.0 = Debug|Any CPU
		{56A02E69-2555-4BDE-97F7-1D02FAAE2CBB}.Release|Any CPU.ActiveCfg = Release|Any CPU
		{56A02E69-2555-4BDE-97F7-1D02FAAE2CBB}.Release|Any CPU.Build.0 = Release|Any CPU
		{FA19E68C-3DB0-4593-B1D8-7448F6CFE416}.Debug|Any CPU.ActiveCfg = Debug|Any CPU
		{FA19E68C-3DB0-4593-B1D8-7448F6CFE416}.Debug|Any CPU.Build.0 = Debug|Any CPU
		{FA19E68C-3DB0-4593-B1D8-7448F6CFE416}.Release|Any CPU.ActiveCfg = Release|Any CPU
		{FA19E68C-3DB0-4593-B1D8-7448F6CFE416}.Release|Any CPU.Build.0 = Release|Any CPU
		{9C75ADE4-BF2C-4840-AF7C-3D91AF1F0DD6}.Debug|Any CPU.ActiveCfg = Debug|Any CPU
		{9C75ADE4-BF2C-4840-AF7C-3D91AF1F0DD6}.Debug|Any CPU.Build.0 = Debug|Any CPU
		{9C75ADE4-BF2C-4840-AF7C-3D91AF1F0DD6}.Release|Any CPU.ActiveCfg = Release|Any CPU
		{9C75ADE4-BF2C-4840-AF7C-3D91AF1F0DD6}.Release|Any CPU.Build.0 = Release|Any CPU
	EndGlobalSection
	GlobalSection(SolutionProperties) = preSolution
		HideSolutionNode = FALSE
	EndGlobalSection
	GlobalSection(ExtensibilityGlobals) = postSolution
		SolutionGuid = {7630A7A0-2290-41CF-86FE-F5444697F858}
	EndGlobalSection
EndGlobal
